<?xml version="1.0" encoding="utf-8"?>
<Project ToolsVersion="4.0" xmlns="http://schemas.microsoft.com/developer/msbuild/2003">
  <ItemGroup>
    <Filter Include="Header Files">
      <UniqueIdentifier>{93995380-89BD-4b04-88EB-625FBE52EBFB}</UniqueIdentifier>
      <Extensions>h;hh;hpp;hxx;h++;hm;inl;inc;ipp;xsd</Extensions>
    </Filter>
    <Filter Include="Resource Files">
      <UniqueIdentifier>{67DA6AB6-F800-4c08-8B7A-83BB121AAD01}</UniqueIdentifier>
      <Extensions>rc;ico;cur;bmp;dlg;rc2;rct;bin;rgs;gif;jpg;jpeg;jpe;resx;tiff;tif;png;wav;mfcribbon-ms</Extensions>
    </Filter>
    <Filter Include="Rendering">
      <UniqueIdentifier>{4FC737F1-C7A5-4376-A066-2A32D752A2FF}</UniqueIdentifier>
      <Extensions>cpp;c;cc;cxx;c++;cppm;ixx;def;odl;idl;hpj;bat;asm;asmx</Extensions>
    </Filter>
    <Filter Include="Audio and Input">
      <UniqueIdentifier>{d1b51d43-1f08-49f3-a980-c45611aae6ba}</UniqueIdentifier>
    </Filter>
  </ItemGroup>
  <ItemGroup>
    <ClCompile Include="PS4Texture.cpp">
      <Filter>Rendering</Filter>
    </ClCompile>
    <ClCompile Include="PS4Window.cpp">
      <Filter>Rendering</Filter>
    </ClCompile>
    <ClCompile Include="PS4ComputeShader.cpp">
      <Filter>Rendering</Filter>
    </ClCompile>
    <ClCompile Include="PS4Frame.cpp">
      <Filter>Rendering</Filter>
    </ClCompile>
    <ClCompile Include="PS4MemoryAware.cpp">
      <Filter>Rendering</Filter>
    </ClCompile>
    <ClCompile Include="PS4Mesh.cpp">
      <Filter>Rendering</Filter>
    </ClCompile>
    <ClCompile Include="PS4RendererBase.cpp">
      <Filter>Rendering</Filter>
    </ClCompile>
    <ClCompile Include="PS4Shader.cpp">
      <Filter>Rendering</Filter>
    </ClCompile>
    <ClCompile Include="PS4Sound.cpp">
      <Filter>Audio and Input</Filter>
    </ClCompile>
    <ClCompile Include="Ps4AudioEmitter.cpp">
      <Filter>Audio and Input</Filter>
    </ClCompile>
    <ClCompile Include="PS4AudioSource.cpp">
      <Filter>Audio and Input</Filter>
    </ClCompile>
    <ClCompile Include="Ps4AudioSystem.cpp">
      <Filter>Audio and Input</Filter>
    </ClCompile>
    <ClCompile Include="PS4Input.cpp">
      <Filter>Audio and Input</Filter>
    </ClCompile>
  </ItemGroup>
  <ItemGroup>
    <ClInclude Include="PS4Window.h">
      <Filter>Header Files</Filter>
    </ClInclude>
    <ClInclude Include="Ps4AudioEmitter.h">
      <Filter>Header Files</Filter>
    </ClInclude>
    <ClInclude Include="PS4AudioSource.h">
      <Filter>Header Files</Filter>
    </ClInclude>
    <ClInclude Include="Ps4AudioSystem.h">
      <Filter>Header Files</Filter>
    </ClInclude>
    <ClInclude Include="PS4ComputeShader.h">
      <Filter>Header Files</Filter>
    </ClInclude>
    <ClInclude Include="PS4Frame.h">
      <Filter>Header Files</Filter>
    </ClInclude>
    <ClInclude Include="PS4Input.h">
      <Filter>Header Files</Filter>
    </ClInclude>
    <ClInclude Include="PS4MemoryAware.h">
      <Filter>Header Files</Filter>
    </ClInclude>
    <ClInclude Include="PS4Mesh.h">
      <Filter>Header Files</Filter>
    </ClInclude>
    <ClInclude Include="PS4RendererBase.h">
      <Filter>Header Files</Filter>
    </ClInclude>
    <ClInclude Include="PS4Shader.h">
      <Filter>Header Files</Filter>
    </ClInclude>
    <ClInclude Include="PS4Sound.h">
      <Filter>Header Files</Filter>
    </ClInclude>
    <ClInclude Include="PS4Texture.h">
      <Filter>Header Files</Filter>
    </ClInclude>
  </ItemGroup>
</Project>