
Microsoft Visual Studio Solution File, Format Version 12.00
# Visual Studio Version 17
VisualStudioVersion = 17.2.32630.192
MinimumVisualStudioVersion = 10.0.40219.1
Project("{2150E333-8FDC-42A3-9474-1A3956D46DE8}") = "CMakePredefinedTargets", "CMakePredefinedTargets", "{AEC3BD24-5C68-3860-A69D-9CA63D131A0F}"
EndProject
Project("{8BC9CEB8-8B4A-11D0-8D11-00A0C91BC942}") = "CSC8503", "CSC8503\CSC8503.vcxproj", "{D5D9F374-691E-320D-A016-52F1B80A0493}"
	ProjectSection(ProjectDependencies) = postProject
		{069FB143-E542-35E4-B356-EFC22B44F108} = {069FB143-E542-35E4-B356-EFC22B44F108}
		{377775AB-0B3D-3A52-A566-5F43D39F5FD1} = {377775AB-0B3D-3A52-A566-5F43D39F5FD1}
		{851E977B-169F-357A-A0C7-49EE90DC3537} = {851E977B-169F-357A-A0C7-49EE90DC3537}
		{FBB4560E-8A63-36D3-B47F-221DF8E6DE49} = {FBB4560E-8A63-36D3-B47F-221DF8E6DE49}
	EndProjectSection
EndProject
Project("{8BC9CEB8-8B4A-11D0-8D11-00A0C91BC942}") = "ALL_BUILD", "ALL_BUILD.vcxproj", "{DCD15EA0-AF7B-3172-80A3-B5C2D237CC8A}"
	ProjectSection(ProjectDependencies) = postProject
		{069FB143-E542-35E4-B356-EFC22B44F108} = {069FB143-E542-35E4-B356-EFC22B44F108}
		{377775AB-0B3D-3A52-A566-5F43D39F5FD1} = {377775AB-0B3D-3A52-A566-5F43D39F5FD1}
		{851E977B-169F-357A-A0C7-49EE90DC3537} = {851E977B-169F-357A-A0C7-49EE90DC3537}
		{D5D9F374-691E-320D-A016-52F1B80A0493} = {D5D9F374-691E-320D-A016-52F1B80A0493}
		{FBB4560E-8A63-36D3-B47F-221DF8E6DE49} = {FBB4560E-8A63-36D3-B47F-221DF8E6DE49}
	EndProjectSection
EndProject
Project("{8BC9CEB8-8B4A-11D0-8D11-00A0C91BC942}") = "CSC8503CoreClasses", "CSC8503CoreClasses\CSC8503CoreClasses.vcxproj", "{FBB4560E-8A63-36D3-B47F-221DF8E6DE49}"
	ProjectSection(ProjectDependencies) = postProject
		{069FB143-E542-35E4-B356-EFC22B44F108} = {069FB143-E542-35E4-B356-EFC22B44F108}
	EndProjectSection
EndProject
Project("{8BC9CEB8-8B4A-11D0-8D11-00A0C91BC942}") = "NCLCoreClasses", "NCLCoreClasses\NCLCoreClasses.vcxproj", "{377775AB-0B3D-3A52-A566-5F43D39F5FD1}"
	ProjectSection(ProjectDependencies) = postProject
		{069FB143-E542-35E4-B356-EFC22B44F108} = {069FB143-E542-35E4-B356-EFC22B44F108}
	EndProjectSection
EndProject
Project("{8BC9CEB8-8B4A-11D0-8D11-00A0C91BC942}") = "OpenGLRendering", "OpenGLRendering\OpenGLRendering.vcxproj", "{851E977B-169F-357A-A0C7-49EE90DC3537}"
	ProjectSection(ProjectDependencies) = postProject
		{069FB143-E542-35E4-B356-EFC22B44F108} = {069FB143-E542-35E4-B356-EFC22B44F108}
		{377775AB-0B3D-3A52-A566-5F43D39F5FD1} = {377775AB-0B3D-3A52-A566-5F43D39F5FD1}
	EndProjectSection
EndProject
Project("{8BC9CEB8-8B4A-11D0-8D11-00A0C91BC942}") = "ZERO_CHECK", "ZERO_CHECK.vcxproj", "{069FB143-E542-35E4-B356-EFC22B44F108}"
EndProject
Project("{8BC9CEB8-8B4A-11D0-8D11-00A0C91BC942}") = "GNMRendering", "..\GNMRendering\GNMRendering.vcxproj", "{D8A34298-D7E6-4099-8E21-F10F4D23C8E0}"
	ProjectSection(ProjectDependencies) = postProject
		{377775AB-0B3D-3A52-A566-5F43D39F5FD1} = {377775AB-0B3D-3A52-A566-5F43D39F5FD1}
		{DCD15EA0-AF7B-3172-80A3-B5C2D237CC8A} = {DCD15EA0-AF7B-3172-80A3-B5C2D237CC8A}
	EndProjectSection
EndProject
Global
	GlobalSection(SolutionConfigurationPlatforms) = preSolution
		Debug|x64 = Debug|x64
		Debug|x86 = Debug|x86
		Release|x64 = Release|x64
		Release|x86 = Release|x86
	EndGlobalSection
	GlobalSection(ProjectConfigurationPlatforms) = postSolution
		{D5D9F374-691E-320D-A016-52F1B80A0493}.Debug|x64.ActiveCfg = Debug|x64
		{D5D9F374-691E-320D-A016-52F1B80A0493}.Debug|x64.Build.0 = Debug|x64
		{D5D9F374-691E-320D-A016-52F1B80A0493}.Debug|x86.ActiveCfg = Debug|x64
		{D5D9F374-691E-320D-A016-52F1B80A0493}.Debug|x86.Build.0 = Debug|x64
		{D5D9F374-691E-320D-A016-52F1B80A0493}.Release|x64.ActiveCfg = Release|x64
		{D5D9F374-691E-320D-A016-52F1B80A0493}.Release|x64.Build.0 = Release|x64
		{D5D9F374-691E-320D-A016-52F1B80A0493}.Release|x86.ActiveCfg = Release|x64
		{D5D9F374-691E-320D-A016-52F1B80A0493}.Release|x86.Build.0 = Release|x64
		{DCD15EA0-AF7B-3172-80A3-B5C2D237CC8A}.Debug|x64.ActiveCfg = Debug|x64
		{DCD15EA0-AF7B-3172-80A3-B5C2D237CC8A}.Debug|x86.ActiveCfg = Debug|x64
		{DCD15EA0-AF7B-3172-80A3-B5C2D237CC8A}.Debug|x86.Build.0 = Debug|x64
		{DCD15EA0-AF7B-3172-80A3-B5C2D237CC8A}.Release|x64.ActiveCfg = Release|x64
		{DCD15EA0-AF7B-3172-80A3-B5C2D237CC8A}.Release|x86.ActiveCfg = Release|x64
		{DCD15EA0-AF7B-3172-80A3-B5C2D237CC8A}.Release|x86.Build.0 = Release|x64
		{FBB4560E-8A63-36D3-B47F-221DF8E6DE49}.Debug|x64.ActiveCfg = Debug|x64
		{FBB4560E-8A63-36D3-B47F-221DF8E6DE49}.Debug|x64.Build.0 = Debug|x64
		{FBB4560E-8A63-36D3-B47F-221DF8E6DE49}.Debug|x86.ActiveCfg = Debug|x64
		{FBB4560E-8A63-36D3-B47F-221DF8E6DE49}.Debug|x86.Build.0 = Debug|x64
		{FBB4560E-8A63-36D3-B47F-221DF8E6DE49}.Release|x64.ActiveCfg = Release|x64
		{FBB4560E-8A63-36D3-B47F-221DF8E6DE49}.Release|x64.Build.0 = Release|x64
		{FBB4560E-8A63-36D3-B47F-221DF8E6DE49}.Release|x86.ActiveCfg = Release|x64
		{FBB4560E-8A63-36D3-B47F-221DF8E6DE49}.Release|x86.Build.0 = Release|x64
		{377775AB-0B3D-3A52-A566-5F43D39F5FD1}.Debug|x64.ActiveCfg = Debug|x64
		{377775AB-0B3D-3A52-A566-5F43D39F5FD1}.Debug|x64.Build.0 = Debug|x64
		{377775AB-0B3D-3A52-A566-5F43D39F5FD1}.Debug|x86.ActiveCfg = Debug|x64
		{377775AB-0B3D-3A52-A566-5F43D39F5FD1}.Debug|x86.Build.0 = Debug|x64
		{377775AB-0B3D-3A52-A566-5F43D39F5FD1}.Release|x64.ActiveCfg = Release|x64
		{377775AB-0B3D-3A52-A566-5F43D39F5FD1}.Release|x64.Build.0 = Release|x64
		{377775AB-0B3D-3A52-A566-5F43D39F5FD1}.Release|x86.ActiveCfg = Release|x64
		{377775AB-0B3D-3A52-A566-5F43D39F5FD1}.Release|x86.Build.0 = Release|x64
		{851E977B-169F-357A-A0C7-49EE90DC3537}.Debug|x64.ActiveCfg = Debug|x64
		{851E977B-169F-357A-A0C7-49EE90DC3537}.Debug|x64.Build.0 = Debug|x64
		{851E977B-169F-357A-A0C7-49EE90DC3537}.Debug|x86.ActiveCfg = Debug|x64
		{851E977B-169F-357A-A0C7-49EE90DC3537}.Debug|x86.Build.0 = Debug|x64
		{851E977B-169F-357A-A0C7-49EE90DC3537}.Release|x64.ActiveCfg = Release|x64
		{851E977B-169F-357A-A0C7-49EE90DC3537}.Release|x64.Build.0 = Release|x64
		{851E977B-169F-357A-A0C7-49EE90DC3537}.Release|x86.ActiveCfg = Release|x64
		{851E977B-169F-357A-A0C7-49EE90DC3537}.Release|x86.Build.0 = Release|x64
		{069FB143-E542-35E4-B356-EFC22B44F108}.Debug|x64.ActiveCfg = Debug|x64
		{069FB143-E542-35E4-B356-EFC22B44F108}.Debug|x64.Build.0 = Debug|x64
		{069FB143-E542-35E4-B356-EFC22B44F108}.Debug|x86.ActiveCfg = Debug|x64
		{069FB143-E542-35E4-B356-EFC22B44F108}.Debug|x86.Build.0 = Debug|x64
		{069FB143-E542-35E4-B356-EFC22B44F108}.Release|x64.ActiveCfg = Release|x64
		{069FB143-E542-35E4-B356-EFC22B44F108}.Release|x64.Build.0 = Release|x64
		{069FB143-E542-35E4-B356-EFC22B44F108}.Release|x86.ActiveCfg = Release|x64
		{069FB143-E542-35E4-B356-EFC22B44F108}.Release|x86.Build.0 = Release|x64
		{D8A34298-D7E6-4099-8E21-F10F4D23C8E0}.Debug|x64.ActiveCfg = Debug|x64
		{D8A34298-D7E6-4099-8E21-F10F4D23C8E0}.Debug|x64.Build.0 = Debug|x64
		{D8A34298-D7E6-4099-8E21-F10F4D23C8E0}.Debug|x86.ActiveCfg = Debug|Win32
		{D8A34298-D7E6-4099-8E21-F10F4D23C8E0}.Debug|x86.Build.0 = Debug|Win32
		{D8A34298-D7E6-4099-8E21-F10F4D23C8E0}.Release|x64.ActiveCfg = Release|x64
		{D8A34298-D7E6-4099-8E21-F10F4D23C8E0}.Release|x64.Build.0 = Release|x64
		{D8A34298-D7E6-4099-8E21-F10F4D23C8E0}.Release|x86.ActiveCfg = Release|Win32
		{D8A34298-D7E6-4099-8E21-F10F4D23C8E0}.Release|x86.Build.0 = Release|Win32
	EndGlobalSection
	GlobalSection(SolutionProperties) = preSolution
		HideSolutionNode = FALSE
	EndGlobalSection
	GlobalSection(NestedProjects) = preSolution
		{DCD15EA0-AF7B-3172-80A3-B5C2D237CC8A} = {AEC3BD24-5C68-3860-A69D-9CA63D131A0F}
		{069FB143-E542-35E4-B356-EFC22B44F108} = {AEC3BD24-5C68-3860-A69D-9CA63D131A0F}
	EndGlobalSection
	GlobalSection(ExtensibilityGlobals) = postSolution
		SolutionGuid = {5D54B46A-7EC1-32E7-8EAD-FDBD7E586D14}
	EndGlobalSection
EndGlobal
