<?xml version="1.0" encoding="utf-8"?>
<Project ToolsVersion="17.0" xmlns="http://schemas.microsoft.com/developer/msbuild/2003">
  <ItemGroup>
    <CustomBuild Include="C:\Users\b8027218\source\repos\CSC8508\New folder\CMakeFiles\9c77d43768ee74e7d08e89d55e9f8b0c\generate.stamp.rule">
      <Filter>CMake Rules</Filter>
    </CustomBuild>
  </ItemGroup>
  <ItemGroup>
    <Filter Include="CMake Rules">
      <UniqueIdentifier>{F1F7D3D3-8634-311C-BA46-D4C0F6D97508}</UniqueIdentifier>
    </Filter>
  </ItemGroup>
</Project>
